
Microsoft Visual Studio Solution File, Format Version 12.00
# Visual Studio Version 16
VisualStudioVersion = 16.0.30907.101
MinimumVisualStudioVersion = 10.0.40219.1
Project("{9A19103F-16F7-4668-BE54-9A1E7A4F7556}") = "AplicacionWeb.SistemaVentas", "AplicacionWeb.SistemaVentas\AplicacionWeb.SistemaVentas.csproj", "{F49928BB-3A55-4E77-A0F3-21DEC368EF9A}"
EndProject
Project("{9A19103F-16F7-4668-BE54-9A1E7A4F7556}") = "Entidades", "Entidades\Entidades.csproj", "{5D229A7D-2DE9-4F36-95A0-D95357F7B314}"
EndProject
Project("{9A19103F-16F7-4668-BE54-9A1E7A4F7556}") = "CapaDao", "CapaDao\CapaDao.csproj", "{0DFA7888-8B43-4973-BAFC-145C11ABC453}"
EndProject
Project("{9A19103F-16F7-4668-BE54-9A1E7A4F7556}") = "CapaNegocio", "CapaNegocio\CapaNegocio.csproj", "{16DC28AB-F0E7-41C9-85F9-204F7A0F5AC4}"
EndProject
Project("{9A19103F-16F7-4668-BE54-9A1E7A4F7556}") = "Helper", "Helper\Helper.csproj", "{DF26D2AF-A848-4A34-9F3D-1CC6D8CB393A}"
EndProject
Global
	GlobalSection(SolutionConfigurationPlatforms) = preSolution
		Debug|Any CPU = Debug|Any CPU
		Release|Any CPU = Release|Any CPU
	EndGlobalSection
	GlobalSection(ProjectConfigurationPlatforms) = postSolution
		{F49928BB-3A55-4E77-A0F3-21DEC368EF9A}.Debug|Any CPU.ActiveCfg = Debug|Any CPU
		{F49928BB-3A55-4E77-A0F3-21DEC368EF9A}.Debug|Any CPU.Build.0 = Debug|Any CPU
		{F49928BB-3A55-4E77-A0F3-21DEC368EF9A}.Release|Any CPU.ActiveCfg = Release|Any CPU
		{F49928BB-3A55-4E77-A0F3-21DEC368EF9A}.Release|Any CPU.Build.0 = Release|Any CPU
		{5D229A7D-2DE9-4F36-95A0-D95357F7B314}.Debug|Any CPU.ActiveCfg = Debug|Any CPU
		{5D229A7D-2DE9-4F36-95A0-D95357F7B314}.Debug|Any CPU.Build.0 = Debug|Any CPU
		{5D229A7D-2DE9-4F36-95A0-D95357F7B314}.Release|Any CPU.ActiveCfg = Release|Any CPU
		{5D229A7D-2DE9-4F36-95A0-D95357F7B314}.Release|Any CPU.Build.0 = Release|Any CPU
		{0DFA7888-8B43-4973-BAFC-145C11ABC453}.Debug|Any CPU.ActiveCfg = Debug|Any CPU
		{0DFA7888-8B43-4973-BAFC-145C11ABC453}.Debug|Any CPU.Build.0 = Debug|Any CPU
		{0DFA7888-8B43-4973-BAFC-145C11ABC453}.Release|Any CPU.ActiveCfg = Release|Any CPU
		{0DFA7888-8B43-4973-BAFC-145C11ABC453}.Release|Any CPU.Build.0 = Release|Any CPU
		{16DC28AB-F0E7-41C9-85F9-204F7A0F5AC4}.Debug|Any CPU.ActiveCfg = Debug|Any CPU
		{16DC28AB-F0E7-41C9-85F9-204F7A0F5AC4}.Debug|Any CPU.Build.0 = Debug|Any CPU
		{16DC28AB-F0E7-41C9-85F9-204F7A0F5AC4}.Release|Any CPU.ActiveCfg = Release|Any CPU
		{16DC28AB-F0E7-41C9-85F9-204F7A0F5AC4}.Release|Any CPU.Build.0 = Release|Any CPU
		{DF26D2AF-A848-4A34-9F3D-1CC6D8CB393A}.Debug|Any CPU.ActiveCfg = Debug|Any CPU
		{DF26D2AF-A848-4A34-9F3D-1CC6D8CB393A}.Debug|Any CPU.Build.0 = Debug|Any CPU
		{DF26D2AF-A848-4A34-9F3D-1CC6D8CB393A}.Release|Any CPU.ActiveCfg = Release|Any CPU
		{DF26D2AF-A848-4A34-9F3D-1CC6D8CB393A}.Release|Any CPU.Build.0 = Release|Any CPU
	EndGlobalSection
	GlobalSection(SolutionProperties) = preSolution
		HideSolutionNode = FALSE
	EndGlobalSection
	GlobalSection(ExtensibilityGlobals) = postSolution
		SolutionGuid = {DB09F10B-CA2B-41BE-93E8-7BA15BD483AE}
	EndGlobalSection
EndGlobal
